# This file is autogenerated, do not edit; changes may be undone by the next 'dep ensure'.


[[projects]]
  name = "github.com/Clever/oplog-replay"
  packages = ["bson"]
  revision = "338a194f827c51f7fa215b7a0bd9e7357c65df95"
  version = "d38"

[[projects]]
  name = "github.com/aws/aws-sdk-go"
  packages = ["aws","aws/awserr","aws/awsutil","aws/client","aws/client/metadata","aws/corehandlers","aws/credentials","aws/credentials/ec2rolecreds","aws/credentials/endpointcreds","aws/credentials/processcreds","aws/credentials/stscreds","aws/csm","aws/defaults","aws/ec2metadata","aws/endpoints","aws/request","aws/session","aws/signer/v4","internal/ini","internal/s3err","internal/sdkio","internal/sdkrand","internal/sdkuri","internal/shareddefaults","private/protocol","private/protocol/eventstream","private/protocol/eventstream/eventstreamapi","private/protocol/query","private/protocol/query/queryutil","private/protocol/rest","private/protocol/restxml","private/protocol/xml/xmlutil","service/s3","service/sts"]
  revision = "aabf189db35ba7eb5a35afe6d681fc0f70954fca"
  version = "v1.16.18"

[[projects]]
  name = "github.com/cenkalti/backoff"
  packages = ["."]
  revision = "4dc77674aceaabba2c7e3da25d4c823edfb73f99"

[[projects]]
  branch = "master"
  name = "github.com/golang/mock"
  packages = ["gomock"]
  revision = "e698a2ea17fee71b248fc2bba82fc544c2017f93"

[[projects]]
  name = "github.com/jmespath/go-jmespath"
  packages = ["."]
  revision = "c2b33e84"

[[projects]]
  name = "github.com/stretchr/testify"
  packages = ["assert"]
  revision = "efa3c4c36479edac5af79cbcb4bc8cb525e09b13"

[[projects]]
  name = "gopkg.in/Clever/pathio.v3"
  packages = ["."]
  revision = "0c6b7e01bb7370a45ee1cc5c06cfa7de1eb7971e"
  version = "v3.4.2"

[[projects]]
  branch = "v2"
  name = "gopkg.in/mgo.v2"
  packages = [".","bson","internal/json","internal/sasl","internal/scram"]
  revision = "3f83fa5005286a7fe593b055f0d7771a7dce4655"

[solve-meta]
  analyzer-name = "dep"
  analyzer-version = 1
  inputs-digest = "7f73b3a4ae758527253624ab7fc4755ec981e2c15bf8fdb343d71e1358b45d24"
  solver-name = "gps-cdcl"
  solver-version = 1
